[root]
name = "project_euler"
version = "0.0.1"
dependencies = [
 "num 0.0.4 (git+https://github.com/rust-lang/num)",
 "shared 0.0.1",
]

[[package]]
name = "num"
version = "0.0.4"
source = "git+https://github.com/rust-lang/num#8f8530fc00c1ab753c5051b457eb9b4b52926373"

[[package]]
name = "shared"
version = "0.0.1"
dependencies = [
 "num 0.0.4 (git+https://github.com/rust-lang/num)",
]

